
Microsoft Visual Studio Solution File, Format Version 12.00
# Visual Studio Version 17
VisualStudioVersion = 17.14.36518.9 d17.14
MinimumVisualStudioVersion = 10.0.40219.1
Project("{FAE04EC0-301F-11D3-BF4B-00C04F79EFBC}") = "13 PRAC 1,3 part", "13 PRAC 1,3 part\13 PRAC 1,3 part.csproj", "{937488C8-2187-4DF2-BC04-BF3972B67F94}"
EndProject
Global
	GlobalSection(SolutionConfigurationPlatforms) = preSolution
		Debug|Any CPU = Debug|Any CPU
		Release|Any CPU = Release|Any CPU
	EndGlobalSection
	GlobalSection(ProjectConfigurationPlatforms) = postSolution
		{937488C8-2187-4DF2-BC04-BF3972B67F94}.Debug|Any CPU.ActiveCfg = Debug|Any CPU
		{937488C8-2187-4DF2-BC04-BF3972B67F94}.Debug|Any CPU.Build.0 = Debug|Any CPU
		{937488C8-2187-4DF2-BC04-BF3972B67F94}.Release|Any CPU.ActiveCfg = Release|Any CPU
		{937488C8-2187-4DF2-BC04-BF3972B67F94}.Release|Any CPU.Build.0 = Release|Any CPU
	EndGlobalSection
	GlobalSection(SolutionProperties) = preSolution
		HideSolutionNode = FALSE
	EndGlobalSection
	GlobalSection(ExtensibilityGlobals) = postSolution
		SolutionGuid = {D42279DE-FF2F-4DE1-84D8-FA16E1E4E8D1}
	EndGlobalSection
EndGlobal
